
Microsoft Visual Studio Solution File, Format Version 11.00
# Visual C++ Express 2010
Project("{8BC9CEB8-8B4A-11D0-8D11-00A0C91BC942}") = "minconflicts", "tetris_tutorial_sdl.vcxproj", "{DB328075-53FA-4F08-AC79-10FACC91E77F}"
EndProject
Project("{8BC9CEB8-8B4A-11D0-8D11-00A0C91BC942}") = "monte_carlo", "..\MC Tetris\monte_carlo.vcxproj", "{E41716AA-26B6-411D-84FE-D4582AB3E0D5}"
EndProject
Project("{8BC9CEB8-8B4A-11D0-8D11-00A0C91BC942}") = "genetic", "..\Genetic Tetris\genetic_tetris.vcxproj", "{AC14A77D-93DB-4E19-AB7F-D21D8EE269F7}"
EndProject
Global
	GlobalSection(SolutionConfigurationPlatforms) = preSolution
		Debug|Win32 = Debug|Win32
		Release|Win32 = Release|Win32
	EndGlobalSection
	GlobalSection(ProjectConfigurationPlatforms) = postSolution
		{DB328075-53FA-4F08-AC79-10FACC91E77F}.Debug|Win32.ActiveCfg = Debug|Win32
		{DB328075-53FA-4F08-AC79-10FACC91E77F}.Debug|Win32.Build.0 = Debug|Win32
		{DB328075-53FA-4F08-AC79-10FACC91E77F}.Release|Win32.ActiveCfg = Release|Win32
		{DB328075-53FA-4F08-AC79-10FACC91E77F}.Release|Win32.Build.0 = Release|Win32
		{E41716AA-26B6-411D-84FE-D4582AB3E0D5}.Debug|Win32.ActiveCfg = Debug|Win32
		{E41716AA-26B6-411D-84FE-D4582AB3E0D5}.Debug|Win32.Build.0 = Debug|Win32
		{E41716AA-26B6-411D-84FE-D4582AB3E0D5}.Release|Win32.ActiveCfg = Release|Win32
		{E41716AA-26B6-411D-84FE-D4582AB3E0D5}.Release|Win32.Build.0 = Release|Win32
		{AC14A77D-93DB-4E19-AB7F-D21D8EE269F7}.Debug|Win32.ActiveCfg = Debug|Win32
		{AC14A77D-93DB-4E19-AB7F-D21D8EE269F7}.Debug|Win32.Build.0 = Debug|Win32
		{AC14A77D-93DB-4E19-AB7F-D21D8EE269F7}.Release|Win32.ActiveCfg = Release|Win32
		{AC14A77D-93DB-4E19-AB7F-D21D8EE269F7}.Release|Win32.Build.0 = Release|Win32
	EndGlobalSection
	GlobalSection(SolutionProperties) = preSolution
		HideSolutionNode = FALSE
	EndGlobalSection
EndGlobal
